Microsoft Visual Studio Solution File, Format Version 12.00
# Visual Studio Version 17
VisualStudioVersion = 17.10.35004.147
MinimumVisualStudioVersion = 16.0.0.0
Project("{9A19103F-16F7-4668-BE54-9A1E7A4F7556}") = "CapManagement.Server", "Server\CapManagement.Server.csproj", "{AAFC3D27-5B29-42CA-8C72-47B367BC312B}"
EndProject
Project("{9A19103F-16F7-4668-BE54-9A1E7A4F7556}") = "CapManagement.Client", "Client\CapManagement.Client.csproj", "{EAD1DDA3-7434-4856-9C5F-2C0D037099EE}"
EndProject
Project("{9A19103F-16F7-4668-BE54-9A1E7A4F7556}") = "CapManagement.Shared", "Shared\CapManagement.Shared.csproj", "{B8D79289-33CC-403E-80CD-040E0B455FE6}"
EndProject
Global
	GlobalSection(SolutionConfigurationPlatforms) = preSolution
		Debug|Any CPU = Debug|Any CPU
		Debug|x64 = Debug|x64
		Debug|x86 = Debug|x86
		Release|Any CPU = Release|Any CPU
		Release|x64 = Release|x64
		Release|x86 = Release|x86
	EndGlobalSection
	GlobalSection(ProjectConfigurationPlatforms) = postSolution
		{AAFC3D27-5B29-42CA-8C72-47B367BC312B}.Debug|Any CPU.ActiveCfg = Debug|Any CPU
		{AAFC3D27-5B29-42CA-8C72-47B367BC312B}.Debug|Any CPU.Build.0 = Debug|Any CPU
		{AAFC3D27-5B29-42CA-8C72-47B367BC312B}.Debug|x64.ActiveCfg = Debug|Any CPU
		{AAFC3D27-5B29-42CA-8C72-47B367BC312B}.Debug|x64.Build.0 = Debug|Any CPU
		{AAFC3D27-5B29-42CA-8C72-47B367BC312B}.Debug|x86.ActiveCfg = Debug|Any CPU
		{AAFC3D27-5B29-42CA-8C72-47B367BC312B}.Debug|x86.Build.0 = Debug|Any CPU
		{AAFC3D27-5B29-42CA-8C72-47B367BC312B}.Release|Any CPU.ActiveCfg = Release|Any CPU
		{AAFC3D27-5B29-42CA-8C72-47B367BC312B}.Release|Any CPU.Build.0 = Release|Any CPU
		{AAFC3D27-5B29-42CA-8C72-47B367BC312B}.Release|x64.ActiveCfg = Release|Any CPU
		{AAFC3D27-5B29-42CA-8C72-47B367BC312B}.Release|x64.Build.0 = Release|Any CPU
		{AAFC3D27-5B29-42CA-8C72-47B367BC312B}.Release|x86.ActiveCfg = Release|Any CPU
		{AAFC3D27-5B29-42CA-8C72-47B367BC312B}.Release|x86.Build.0 = Release|Any CPU
		{EAD1DDA3-7434-4856-9C5F-2C0D037099EE}.Debug|Any CPU.ActiveCfg = Debug|Any CPU
		{EAD1DDA3-7434-4856-9C5F-2C0D037099EE}.Debug|Any CPU.Build.0 = Debug|Any CPU
		{EAD1DDA3-7434-4856-9C5F-2C0D037099EE}.Debug|x64.ActiveCfg = Debug|Any CPU
		{EAD1DDA3-7434-4856-9C5F-2C0D037099EE}.Debug|x64.Build.0 = Debug|Any CPU
		{EAD1DDA3-7434-4856-9C5F-2C0D037099EE}.Debug|x86.ActiveCfg = Debug|Any CPU
		{EAD1DDA3-7434-4856-9C5F-2C0D037099EE}.Debug|x86.Build.0 = Debug|Any CPU
		{EAD1DDA3-7434-4856-9C5F-2C0D037099EE}.Release|Any CPU.ActiveCfg = Release|Any CPU
		{EAD1DDA3-7434-4856-9C5F-2C0D037099EE}.Release|Any CPU.Build.0 = Release|Any CPU
		{EAD1DDA3-7434-4856-9C5F-2C0D037099EE}.Release|x64.ActiveCfg = Release|Any CPU
		{EAD1DDA3-7434-4856-9C5F-2C0D037099EE}.Release|x64.Build.0 = Release|Any CPU
		{EAD1DDA3-7434-4856-9C5F-2C0D037099EE}.Release|x86.ActiveCfg = Release|Any CPU
		{EAD1DDA3-7434-4856-9C5F-2C0D037099EE}.Release|x86.Build.0 = Release|Any CPU
		{B8D79289-33CC-403E-80CD-040E0B455FE6}.Debug|Any CPU.ActiveCfg = Debug|Any CPU
		{B8D79289-33CC-403E-80CD-040E0B455FE6}.Debug|Any CPU.Build.0 = Debug|Any CPU
		{B8D79289-33CC-403E-80CD-040E0B455FE6}.Debug|x64.ActiveCfg = Debug|Any CPU
		{B8D79289-33CC-403E-80CD-040E0B455FE6}.Debug|x64.Build.0 = Debug|Any CPU
		{B8D79289-33CC-403E-80CD-040E0B455FE6}.Debug|x86.ActiveCfg = Debug|Any CPU
		{B8D79289-33CC-403E-80CD-040E0B455FE6}.Debug|x86.Build.0 = Debug|Any CPU
		{B8D79289-33CC-403E-80CD-040E0B455FE6}.Release|Any CPU.ActiveCfg = Release|Any CPU
		{B8D79289-33CC-403E-80CD-040E0B455FE6}.Release|Any CPU.Build.0 = Release|Any CPU
		{B8D79289-33CC-403E-80CD-040E0B455FE6}.Release|x64.ActiveCfg = Release|Any CPU
		{B8D79289-33CC-403E-80CD-040E0B455FE6}.Release|x64.Build.0 = Release|Any CPU
		{B8D79289-33CC-403E-80CD-040E0B455FE6}.Release|x86.ActiveCfg = Release|Any CPU
		{B8D79289-33CC-403E-80CD-040E0B455FE6}.Release|x86.Build.0 = Release|Any CPU
	EndGlobalSection
	GlobalSection(SolutionProperties) = preSolution
		HideSolutionNode = FALSE
	EndGlobalSection
	GlobalSection(ExtensibilityGlobals) = postSolution
		SolutionGuid = {F5FF5EAA-454E-48A6-996F-86C65104B152}
	EndGlobalSection
EndGlobal
